// !$*UTF8*$!
{
	archiveVersion = 1;
	classes = {
	};
	objectVersion = 46;
	objects = {

/* Begin PBXBuildFile section */
		A8E0F47E19C1A7C600BC66E4 /* Foundation.framework in Frameworks */ = {isa = PBXBuildFile; fileRef = A8E0F47D19C1A7C600BC66E4 /* Foundation.framework */; };
		A8E0F48019C1A7C600BC66E4 /* CoreGraphics.framework in Frameworks */ = {isa = PBXBuildFile; fileRef = A8E0F47F19C1A7C600BC66E4 /* CoreGraphics.framework */; };
		A8E0F48219C1A7C600BC66E4 /* UIKit.framework in Frameworks */ = {isa = PBXBuildFile; fileRef = A8E0F48119C1A7C600BC66E4 /* UIKit.framework */; };
		A8E0F48819C1A7C600BC66E4 /* InfoPlist.strings in Resources */ = {isa = PBXBuildFile; fileRef = A8E0F48619C1A7C600BC66E4 /* InfoPlist.strings */; };
		A8E0F48A19C1A7C600BC66E4 /* main.m in Sources */ = {isa = PBXBuildFile; fileRef = A8E0F48919C1A7C600BC66E4 /* main.m */; };
		A8E0F48E19C1A7C600BC66E4 /* AppDelegate.m in Sources */ = {isa = PBXBuildFile; fileRef = A8E0F48D19C1A7C600BC66E4 /* AppDelegate.m */; };
		A8E0F49019C1A7C600BC66E4 /* Images.xcassets in Resources */ = {isa = PBXBuildFile; fileRef = A8E0F48F19C1A7C600BC66E4 /* Images.xcassets */; };
		A8E0F49719C1A7C600BC66E4 /* XCTest.framework in Frameworks */ = {isa = PBXBuildFile; fileRef = A8E0F49619C1A7C600BC66E4 /* XCTest.framework */; };
		A8E0F49819C1A7C600BC66E4 /* Foundation.framework in Frameworks */ = {isa = PBXBuildFile; fileRef = A8E0F47D19C1A7C600BC66E4 /* Foundation.framework */; };
		A8E0F49919C1A7C600BC66E4 /* UIKit.framework in Frameworks */ = {isa = PBXBuildFile; fileRef = A8E0F48119C1A7C600BC66E4 /* UIKit.framework */; };
		A8E0F4A119C1A7C600BC66E4 /* InfoPlist.strings in Resources */ = {isa = PBXBuildFile; fileRef = A8E0F49F19C1A7C600BC66E4 /* InfoPlist.strings */; };
		A8E0F4A319C1A7C600BC66E4 /* MapViewTests.m in Sources */ = {isa = PBXBuildFile; fileRef = A8E0F4A219C1A7C600BC66E4 /* MapViewTests.m */; };
		A8E0F4AF19C1A7DB00BC66E4 /* MapViewController.m in Sources */ = {isa = PBXBuildFile; fileRef = A8E0F4AD19C1A7DB00BC66E4 /* MapViewController.m */; };
		A8E0F4B019C1A7DB00BC66E4 /* MapViewController.xib in Resources */ = {isa = PBXBuildFile; fileRef = A8E0F4AE19C1A7DB00BC66E4 /* MapViewController.xib */; };
		A8E0F4B219C1A86E00BC66E4 /* MapKit.framework in Frameworks */ = {isa = PBXBuildFile; fileRef = A8E0F4B119C1A86E00BC66E4 /* MapKit.framework */; };
		A8E0F4B419C1A87800BC66E4 /* CoreLocation.framework in Frameworks */ = {isa = PBXBuildFile; fileRef = A8E0F4B319C1A87800BC66E4 /* CoreLocation.framework */; };
		A8E0F4B719C1B54C00BC66E4 /* AnnoteFile.m in Sources */ = {isa = PBXBuildFile; fileRef = A8E0F4B619C1B54C00BC66E4 /* AnnoteFile.m */; };
/* End PBXBuildFile section */

/* Begin PBXContainerItemProxy section */
		A8E0F49A19C1A7C600BC66E4 /* PBXContainerItemProxy */ = {
			isa = PBXContainerItemProxy;
			containerPortal = A8E0F47219C1A7C600BC66E4 /* Project object */;
			proxyType = 1;
			remoteGlobalIDString = A8E0F47919C1A7C600BC66E4;
			remoteInfo = MapView;
		};
/* End PBXContainerItemProxy section */

/* Begin PBXFileReference section */
		A8E0F47A19C1A7C600BC66E4 /* MapView.app */ = {isa = PBXFileReference; explicitFileType = wrapper.application; includeInIndex = 0; path = MapView.app; sourceTree = BUILT_PRODUCTS_DIR; };
		A8E0F47D19C1A7C600BC66E4 /* Foundation.framework */ = {isa = PBXFileReference; lastKnownFileType = wrapper.framework; name = Foundation.framework; path = System/Library/Frameworks/Foundation.framework; sourceTree = SDKROOT; };
		A8E0F47F19C1A7C600BC66E4 /* CoreGraphics.framework */ = {isa = PBXFileReference; lastKnownFileType = wrapper.framework; name = CoreGraphics.framework; path = System/Library/Frameworks/CoreGraphics.framework; sourceTree = SDKROOT; };
		A8E0F48119C1A7C600BC66E4 /* UIKit.framework */ = {isa = PBXFileReference; lastKnownFileType = wrapper.framework; name = UIKit.framework; path = System/Library/Frameworks/UIKit.framework; sourceTree = SDKROOT; };
		A8E0F48519C1A7C600BC66E4 /* MapView-Info.plist */ = {isa = PBXFileReference; lastKnownFileType = text.plist.xml; path = "MapView-Info.plist"; sourceTree = "<group>"; };
		A8E0F48719C1A7C600BC66E4 /* en */ = {isa = PBXFileReference; lastKnownFileType = text.plist.strings; name = en; path = en.lproj/InfoPlist.strings; sourceTree = "<group>"; };
		A8E0F48919C1A7C600BC66E4 /* main.m */ = {isa = PBXFileReference; lastKnownFileType = sourcecode.c.objc; path = main.m; sourceTree = "<group>"; };
		A8E0F48B19C1A7C600BC66E4 /* MapView-Prefix.pch */ = {isa = PBXFileReference; lastKnownFileType = sourcecode.c.h; path = "MapView-Prefix.pch"; sourceTree = "<group>"; };
		A8E0F48C19C1A7C600BC66E4 /* AppDelegate.h */ = {isa = PBXFileReference; lastKnownFileType = sourcecode.c.h; path = AppDelegate.h; sourceTree = "<group>"; };
		A8E0F48D19C1A7C600BC66E4 /* AppDelegate.m */ = {isa = PBXFileReference; lastKnownFileType = sourcecode.c.objc; path = AppDelegate.m; sourceTree = "<group>"; };
		A8E0F48F19C1A7C600BC66E4 /* Images.xcassets */ = {isa = PBXFileReference; lastKnownFileType = folder.assetcatalog; path = Images.xcassets; sourceTree = "<group>"; };
		A8E0F49519C1A7C600BC66E4 /* MapViewTests.xctest */ = {isa = PBXFileReference; explicitFileType = wrapper.cfbundle; includeInIndex = 0; path = MapViewTests.xctest; sourceTree = BUILT_PRODUCTS_DIR; };
		A8E0F49619C1A7C600BC66E4 /* XCTest.framework */ = {isa = PBXFileReference; lastKnownFileType = wrapper.framework; name = XCTest.framework; path = Library/Frameworks/XCTest.framework; sourceTree = DEVELOPER_DIR; };
		A8E0F49E19C1A7C600BC66E4 /* MapViewTests-Info.plist */ = {isa = PBXFileReference; lastKnownFileType = text.plist.xml; path = "MapViewTests-Info.plist"; sourceTree = "<group>"; };
		A8E0F4A019C1A7C600BC66E4 /* en */ = {isa = PBXFileReference; lastKnownFileType = text.plist.strings; name = en; path = en.lproj/InfoPlist.strings; sourceTree = "<group>"; };
		A8E0F4A219C1A7C600BC66E4 /* MapViewTests.m */ = {isa = PBXFileReference; lastKnownFileType = sourcecode.c.objc; path = MapViewTests.m; sourceTree = "<group>"; };
		A8E0F4AC19C1A7DB00BC66E4 /* MapViewController.h */ = {isa = PBXFileReference; fileEncoding = 4; lastKnownFileType = sourcecode.c.h; path = MapViewController.h; sourceTree = "<group>"; };
		A8E0F4AD19C1A7DB00BC66E4 /* MapViewController.m */ = {isa = PBXFileReference; fileEncoding = 4; lastKnownFileType = sourcecode.c.objc; path = MapViewController.m; sourceTree = "<group>"; };
		A8E0F4AE19C1A7DB00BC66E4 /* MapViewController.xib */ = {isa = PBXFileReference; fileEncoding = 4; lastKnownFileType = file.xib; path = MapViewController.xib; sourceTree = "<group>"; };
		A8E0F4B119C1A86E00BC66E4 /* MapKit.framework */ = {isa = PBXFileReference; lastKnownFileType = wrapper.framework; name = MapKit.framework; path = System/Library/Frameworks/MapKit.framework; sourceTree = SDKROOT; };
		A8E0F4B319C1A87800BC66E4 /* CoreLocation.framework */ = {isa = PBXFileReference; lastKnownFileType = wrapper.framework; name = CoreLocation.framework; path = System/Library/Frameworks/CoreLocation.framework; sourceTree = SDKROOT; };
		A8E0F4B519C1B54C00BC66E4 /* AnnoteFile.h */ = {isa = PBXFileReference; fileEncoding = 4; lastKnownFileType = sourcecode.c.h; path = AnnoteFile.h; sourceTree = "<group>"; };
		A8E0F4B619C1B54C00BC66E4 /* AnnoteFile.m */ = {isa = PBXFileReference; fileEncoding = 4; lastKnownFileType = sourcecode.c.objc; path = AnnoteFile.m; sourceTree = "<group>"; };
/* End PBXFileReference section */

/* Begin PBXFrameworksBuildPhase section */
		A8E0F47719C1A7C600BC66E4 /* Frameworks */ = {
			isa = PBXFrameworksBuildPhase;
			buildActionMask = 2147483647;
			files = (
				A8E0F4B419C1A87800BC66E4 /* CoreLocation.framework in Frameworks */,
				A8E0F4B219C1A86E00BC66E4 /* MapKit.framework in Frameworks */,
				A8E0F48019C1A7C600BC66E4 /* CoreGraphics.framework in Frameworks */,
				A8E0F48219C1A7C600BC66E4 /* UIKit.framework in Frameworks */,
				A8E0F47E19C1A7C600BC66E4 /* Foundation.framework in Frameworks */,
			);
			runOnlyForDeploymentPostprocessing = 0;
		};
		A8E0F49219C1A7C600BC66E4 /* Frameworks */ = {
			isa = PBXFrameworksBuildPhase;
			buildActionMask = 2147483647;
			files = (
				A8E0F49719C1A7C600BC66E4 /* XCTest.framework in Frameworks */,
				A8E0F49919C1A7C600BC66E4 /* UIKit.framework in Frameworks */,
				A8E0F49819C1A7C600BC66E4 /* Foundation.framework in Frameworks */,
			);
			runOnlyForDeploymentPostprocessing = 0;
		};
/* End PBXFrameworksBuildPhase section */

/* Begin PBXGroup section */
		A8E0F47119C1A7C600BC66E4 = {
			isa = PBXGroup;
			children = (
				A8E0F48319C1A7C600BC66E4 /* MapView */,
				A8E0F49C19C1A7C600BC66E4 /* MapViewTests */,
				A8E0F47C19C1A7C600BC66E4 /* Frameworks */,
				A8E0F47B19C1A7C600BC66E4 /* Products */,
			);
			sourceTree = "<group>";
		};
		A8E0F47B19C1A7C600BC66E4 /* Products */ = {
			isa = PBXGroup;
			children = (
				A8E0F47A19C1A7C600BC66E4 /* MapView.app */,
				A8E0F49519C1A7C600BC66E4 /* MapViewTests.xctest */,
			);
			name = Products;
			sourceTree = "<group>";
		};
		A8E0F47C19C1A7C600BC66E4 /* Frameworks */ = {
			isa = PBXGroup;
			children = (
				A8E0F4B319C1A87800BC66E4 /* CoreLocation.framework */,
				A8E0F4B119C1A86E00BC66E4 /* MapKit.framework */,
				A8E0F47D19C1A7C600BC66E4 /* Foundation.framework */,
				A8E0F47F19C1A7C600BC66E4 /* CoreGraphics.framework */,
				A8E0F48119C1A7C600BC66E4 /* UIKit.framework */,
				A8E0F49619C1A7C600BC66E4 /* XCTest.framework */,
			);
			name = Frameworks;
			sourceTree = "<group>";
		};
		A8E0F48319C1A7C600BC66E4 /* MapView */ = {
			isa = PBXGroup;
			children = (
				A8E0F48C19C1A7C600BC66E4 /* AppDelegate.h */,
				A8E0F48D19C1A7C600BC66E4 /* AppDelegate.m */,
				A8E0F4AC19C1A7DB00BC66E4 /* MapViewController.h */,
				A8E0F4AD19C1A7DB00BC66E4 /* MapViewController.m */,
				A8E0F4B519C1B54C00BC66E4 /* AnnoteFile.h */,
				A8E0F4B619C1B54C00BC66E4 /* AnnoteFile.m */,
				A8E0F4AE19C1A7DB00BC66E4 /* MapViewController.xib */,
				A8E0F48F19C1A7C600BC66E4 /* Images.xcassets */,
				A8E0F48419C1A7C600BC66E4 /* Supporting Files */,
			);
			path = MapView;
			sourceTree = "<group>";
		};
		A8E0F48419C1A7C600BC66E4 /* Supporting Files */ = {
			isa = PBXGroup;
			children = (
				A8E0F48519C1A7C600BC66E4 /* MapView-Info.plist */,
				A8E0F48619C1A7C600BC66E4 /* InfoPlist.strings */,
				A8E0F48919C1A7C600BC66E4 /* main.m */,
				A8E0F48B19C1A7C600BC66E4 /* MapView-Prefix.pch */,
			);
			name = "Supporting Files";
			sourceTree = "<group>";
		};
		A8E0F49C19C1A7C600BC66E4 /* MapViewTests */ = {
			isa = PBXGroup;
			children = (
				A8E0F4A219C1A7C600BC66E4 /* MapViewTests.m */,
				A8E0F49D19C1A7C600BC66E4 /* Supporting Files */,
			);
			path = MapViewTests;
			sourceTree = "<group>";
		};
		A8E0F49D19C1A7C600BC66E4 /* Supporting Files */ = {
			isa = PBXGroup;
			children = (
				A8E0F49E19C1A7C600BC66E4 /* MapViewTests-Info.plist */,
				A8E0F49F19C1A7C600BC66E4 /* InfoPlist.strings */,
			);
			name = "Supporting Files";
			sourceTree = "<group>";
		};
/* End PBXGroup section */

/* Begin PBXNativeTarget section */
		A8E0F47919C1A7C600BC66E4 /* MapView */ = {
			isa = PBXNativeTarget;
			buildConfigurationList = A8E0F4A619C1A7C600BC66E4 /* Build configuration list for PBXNativeTarget "MapView" */;
			buildPhases = (
				A8E0F47619C1A7C600BC66E4 /* Sources */,
				A8E0F47719C1A7C600BC66E4 /* Frameworks */,
				A8E0F47819C1A7C600BC66E4 /* Resources */,
			);
			buildRules = (
			);
			dependencies = (
			);
			name = MapView;
			productName = MapView;
			productReference = A8E0F47A19C1A7C600BC66E4 /* MapView.app */;
			productType = "com.apple.product-type.application";
		};
		A8E0F49419C1A7C600BC66E4 /* MapViewTests */ = {
			isa = PBXNativeTarget;
			buildConfigurationList = A8E0F4A919C1A7C600BC66E4 /* Build configuration list for PBXNativeTarget "MapViewTests" */;
			buildPhases = (
				A8E0F49119C1A7C600BC66E4 /* Sources */,
				A8E0F49219C1A7C600BC66E4 /* Frameworks */,
				A8E0F49319C1A7C600BC66E4 /* Resources */,
			);
			buildRules = (
			);
			dependencies = (
				A8E0F49B19C1A7C600BC66E4 /* PBXTargetDependency */,
			);
			name = MapViewTests;
			productName = MapViewTests;
			productReference = A8E0F49519C1A7C600BC66E4 /* MapViewTests.xctest */;
			productType = "com.apple.product-type.bundle.unit-test";
		};
/* End PBXNativeTarget section */

/* Begin PBXProject section */
		A8E0F47219C1A7C600BC66E4 /* Project object */ = {
			isa = PBXProject;
			attributes = {
				LastUpgradeCheck = 0510;
				ORGANIZATIONNAME = Paradigmcreatives;
				TargetAttributes = {
					A8E0F49419C1A7C600BC66E4 = {
						TestTargetID = A8E0F47919C1A7C600BC66E4;
					};
				};
			};
			buildConfigurationList = A8E0F47519C1A7C600BC66E4 /* Build configuration list for PBXProject "MapView" */;
			compatibilityVersion = "Xcode 3.2";
			developmentRegion = English;
			hasScannedForEncodings = 0;
			knownRegions = (
				en,
			);
			mainGroup = A8E0F47119C1A7C600BC66E4;
			productRefGroup = A8E0F47B19C1A7C600BC66E4 /* Products */;
			projectDirPath = "";
			projectRoot = "";
			targets = (
				A8E0F47919C1A7C600BC66E4 /* MapView */,
				A8E0F49419C1A7C600BC66E4 /* MapViewTests */,
			);
		};
/* End PBXProject section */

/* Begin PBXResourcesBuildPhase section */
		A8E0F47819C1A7C600BC66E4 /* Resources */ = {
			isa = PBXResourcesBuildPhase;
			buildActionMask = 2147483647;
			files = (
				A8E0F48819C1A7C600BC66E4 /* InfoPlist.strings in Resources */,
				A8E0F4B019C1A7DB00BC66E4 /* MapViewController.xib in Resources */,
				A8E0F49019C1A7C600BC66E4 /* Images.xcassets in Resources */,
			);
			runOnlyForDeploymentPostprocessing = 0;
		};
		A8E0F49319C1A7C600BC66E4 /* Resources */ = {
			isa = PBXResourcesBuildPhase;
			buildActionMask = 2147483647;
			files = (
				A8E0F4A119C1A7C600BC66E4 /* InfoPlist.strings in Resources */,
			);
			runOnlyForDeploymentPostprocessing = 0;
		};
/* End PBXResourcesBuildPhase section */

/* Begin PBXSourcesBuildPhase section */
		A8E0F47619C1A7C600BC66E4 /* Sources */ = {
			isa = PBXSourcesBuildPhase;
			buildActionMask = 2147483647;
			files = (
				A8E0F4B719C1B54C00BC66E4 /* AnnoteFile.m in Sources */,
				A8E0F4AF19C1A7DB00BC66E4 /* MapViewController.m in Sources */,
				A8E0F48E19C1A7C600BC66E4 /* AppDelegate.m in Sources */,
				A8E0F48A19C1A7C600BC66E4 /* main.m in Sources */,
			);
			runOnlyForDeploymentPostprocessing = 0;
		};
		A8E0F49119C1A7C600BC66E4 /* Sources */ = {
			isa = PBXSourcesBuildPhase;
			buildActionMask = 2147483647;
			files = (
				A8E0F4A319C1A7C600BC66E4 /* MapViewTests.m in Sources */,
			);
			runOnlyForDeploymentPostprocessing = 0;
		};
/* End PBXSourcesBuildPhase section */

/* Begin PBXTargetDependency section */
		A8E0F49B19C1A7C600BC66E4 /* PBXTargetDependency */ = {
			isa = PBXTargetDependency;
			target = A8E0F47919C1A7C600BC66E4 /* MapView */;
			targetProxy = A8E0F49A19C1A7C600BC66E4 /* PBXContainerItemProxy */;
		};
/* End PBXTargetDependency section */

/* Begin PBXVariantGroup section */
		A8E0F48619C1A7C600BC66E4 /* InfoPlist.strings */ = {
			isa = PBXVariantGroup;
			children = (
				A8E0F48719C1A7C600BC66E4 /* en */,
			);
			name = InfoPlist.strings;
			sourceTree = "<group>";
		};
		A8E0F49F19C1A7C600BC66E4 /* InfoPlist.strings */ = {
			isa = PBXVariantGroup;
			children = (
				A8E0F4A019C1A7C600BC66E4 /* en */,
			);
			name = InfoPlist.strings;
			sourceTree = "<group>";
		};
/* End PBXVariantGroup section */

/* Begin XCBuildConfiguration section */
		A8E0F4A419C1A7C600BC66E4 /* Debug */ = {
			isa = XCBuildConfiguration;
			buildSettings = {
				ALWAYS_SEARCH_USER_PATHS = NO;
				CLANG_CXX_LANGUAGE_STANDARD = "gnu++0x";
				CLANG_CXX_LIBRARY = "libc++";
				CLANG_ENABLE_MODULES = YES;
				CLANG_ENABLE_OBJC_ARC = YES;
				CLANG_WARN_BOOL_CONVERSION = YES;
				CLANG_WARN_CONSTANT_CONVERSION = YES;
				CLANG_WARN_DIRECT_OBJC_ISA_USAGE = YES_ERROR;
				CLANG_WARN_EMPTY_BODY = YES;
				CLANG_WARN_ENUM_CONVERSION = YES;
				CLANG_WARN_INT_CONVERSION = YES;
				CLANG_WARN_OBJC_ROOT_CLASS = YES_ERROR;
				CLANG_WARN__DUPLICATE_METHOD_MATCH = YES;
				"CODE_SIGN_IDENTITY[sdk=iphoneos*]" = "iPhone Developer";
				COPY_PHASE_STRIP = NO;
				GCC_C_LANGUAGE_STANDARD = gnu99;
				GCC_DYNAMIC_NO_PIC = NO;
				GCC_OPTIMIZATION_LEVEL = 0;
				GCC_PREPROCESSOR_DEFINITIONS = (
					"DEBUG=1",
					"$(inherited)",
				);
				GCC_SYMBOLS_PRIVATE_EXTERN = NO;
				GCC_WARN_64_TO_32_BIT_CONVERSION = YES;
				GCC_WARN_ABOUT_RETURN_TYPE = YES_ERROR;
				GCC_WARN_UNDECLARED_SELECTOR = YES;
				GCC_WARN_UNINITIALIZED_AUTOS = YES_AGGRESSIVE;
				GCC_WARN_UNUSED_FUNCTION = YES;
				GCC_WARN_UNUSED_VARIABLE = YES;
				IPHONEOS_DEPLOYMENT_TARGET = 7.1;
				ONLY_ACTIVE_ARCH = YES;
				SDKROOT = iphoneos;
				TARGETED_DEVICE_FAMILY = "1,2";
			};
			name = Debug;
		};
		A8E0F4A519C1A7C600BC66E4 /* Release */ = {
			isa = XCBuildConfiguration;
			buildSettings = {
				ALWAYS_SEARCH_USER_PATHS = NO;
				CLANG_CXX_LANGUAGE_STANDARD = "gnu++0x";
				CLANG_CXX_LIBRARY = "libc++";
				CLANG_ENABLE_MODULES = YES;
				CLANG_ENABLE_OBJC_ARC = YES;
				CLANG_WARN_BOOL_CONVERSION = YES;
				CLANG_WARN_CONSTANT_CONVERSION = YES;
				CLANG_WARN_DIRECT_OBJC_ISA_USAGE = YES_ERROR;
				CLANG_WARN_EMPTY_BODY = YES;
				CLANG_WARN_ENUM_CONVERSION = YES;
				CLANG_WARN_INT_CONVERSION = YES;
				CLANG_WARN_OBJC_ROOT_CLASS = YES_ERROR;
				CLANG_WARN__DUPLICATE_METHOD_MATCH = YES;
				"CODE_SIGN_IDENTITY[sdk=iphoneos*]" = "iPhone Developer";
				COPY_PHASE_STRIP = YES;
				ENABLE_NS_ASSERTIONS = NO;
				GCC_C_LANGUAGE_STANDARD = gnu99;
				GCC_WARN_64_TO_32_BIT_CONVERSION = YES;
				GCC_WARN_ABOUT_RETURN_TYPE = YES_ERROR;
				GCC_WARN_UNDECLARED_SELECTOR = YES;
				GCC_WARN_UNINITIALIZED_AUTOS = YES_AGGRESSIVE;
				GCC_WARN_UNUSED_FUNCTION = YES;
				GCC_WARN_UNUSED_VARIABLE = YES;
				IPHONEOS_DEPLOYMENT_TARGET = 7.1;
				SDKROOT = iphoneos;
				TARGETED_DEVICE_FAMILY = "1,2";
				VALIDATE_PRODUCT = YES;
			};
			name = Release;
		};
		A8E0F4A719C1A7C600BC66E4 /* Debug */ = {
			isa = XCBuildConfiguration;
			buildSettings = {
				ASSETCATALOG_COMPILER_APPICON_NAME = AppIcon;
				ASSETCATALOG_COMPILER_LAUNCHIMAGE_NAME = LaunchImage;
				GCC_PRECOMPILE_PREFIX_HEADER = YES;
				GCC_PREFIX_HEADER = "MapView/MapView-Prefix.pch";
				INFOPLIST_FILE = "MapView/MapView-Info.plist";
				PRODUCT_NAME = "$(TARGET_NAME)";
				WRAPPER_EXTENSION = app;
			};
			name = Debug;
		};
		A8E0F4A819C1A7C600BC66E4 /* Release */ = {
			isa = XCBuildConfiguration;
			buildSettings = {
				ASSETCATALOG_COMPILER_APPICON_NAME = AppIcon;
				ASSETCATALOG_COMPILER_LAUNCHIMAGE_NAME = LaunchImage;
				GCC_PRECOMPILE_PREFIX_HEADER = YES;
				GCC_PREFIX_HEADER = "MapView/MapView-Prefix.pch";
				INFOPLIST_FILE = "MapView/MapView-Info.plist";
				PRODUCT_NAME = "$(TARGET_NAME)";
				WRAPPER_EXTENSION = app;
			};
			name = Release;
		};
		A8E0F4AA19C1A7C600BC66E4 /* Debug */ = {
			isa = XCBuildConfiguration;
			buildSettings = {
				BUNDLE_LOADER = "$(BUILT_PRODUCTS_DIR)/MapView.app/MapView";
				FRAMEWORK_SEARCH_PATHS = (
					"$(SDKROOT)/Developer/Library/Frameworks",
					"$(inherited)",
					"$(DEVELOPER_FRAMEWORKS_DIR)",
				);
				GCC_PRECOMPILE_PREFIX_HEADER = YES;
				GCC_PREFIX_HEADER = "MapView/MapView-Prefix.pch";
				GCC_PREPROCESSOR_DEFINITIONS = (
					"DEBUG=1",
					"$(inherited)",
				);
				INFOPLIST_FILE = "MapViewTests/MapViewTests-Info.plist";
				PRODUCT_NAME = "$(TARGET_NAME)";
				TEST_HOST = "$(BUNDLE_LOADER)";
				WRAPPER_EXTENSION = xctest;
			};
			name = Debug;
		};
		A8E0F4AB19C1A7C600BC66E4 /* Release */ = {
			isa = XCBuildConfiguration;
			buildSettings = {
				BUNDLE_LOADER = "$(BUILT_PRODUCTS_DIR)/MapView.app/MapView";
				FRAMEWORK_SEARCH_PATHS = (
					"$(SDKROOT)/Developer/Library/Frameworks",
					"$(inherited)",
					"$(DEVELOPER_FRAMEWORKS_DIR)",
				);
				GCC_PRECOMPILE_PREFIX_HEADER = YES;
				GCC_PREFIX_HEADER = "MapView/MapView-Prefix.pch";
				INFOPLIST_FILE = "MapViewTests/MapViewTests-Info.plist";
				PRODUCT_NAME = "$(TARGET_NAME)";
				TEST_HOST = "$(BUNDLE_LOADER)";
				WRAPPER_EXTENSION = xctest;
			};
			name = Release;
		};
/* End XCBuildConfiguration section */

/* Begin XCConfigurationList section */
		A8E0F47519C1A7C600BC66E4 /* Build configuration list for PBXProject "MapView" */ = {
			isa = XCConfigurationList;
			buildConfigurations = (
				A8E0F4A419C1A7C600BC66E4 /* Debug */,
				A8E0F4A519C1A7C600BC66E4 /* Release */,
			);
			defaultConfigurationIsVisible = 0;
			defaultConfigurationName = Release;
		};
		A8E0F4A619C1A7C600BC66E4 /* Build configuration list for PBXNativeTarget "MapView" */ = {
			isa = XCConfigurationList;
			buildConfigurations = (
				A8E0F4A719C1A7C600BC66E4 /* Debug */,
				A8E0F4A819C1A7C600BC66E4 /* Release */,
			);
			defaultConfigurationIsVisible = 0;
		};
		A8E0F4A919C1A7C600BC66E4 /* Build configuration list for PBXNativeTarget "MapViewTests" */ = {
			isa = XCConfigurationList;
			buildConfigurations = (
				A8E0F4AA19C1A7C600BC66E4 /* Debug */,
				A8E0F4AB19C1A7C600BC66E4 /* Release */,
			);
			defaultConfigurationIsVisible = 0;
		};
/* End XCConfigurationList section */
	};
	rootObject = A8E0F47219C1A7C600BC66E4 /* Project object */;
}
